
Microsoft Visual Studio Solution File, Format Version 12.00
# Visual Studio Version 16
VisualStudioVersion = 16.0.30907.101
MinimumVisualStudioVersion = 10.0.40219.1
Project("{FAE04EC0-301F-11D3-BF4B-00C04F79EFBC}") = "System_do_zarzadzania_obslugi_sprzedazy", "System_do_zarzadzania_obslugi_sprzedazy\System_do_zarzadzania_obslugi_sprzedazy.csproj", "{F56B0E5E-7251-4466-B80F-17F7E2498212}"
EndProject
Global
	GlobalSection(SolutionConfigurationPlatforms) = preSolution
		Debug|Any CPU = Debug|Any CPU
		Release|Any CPU = Release|Any CPU
	EndGlobalSection
	GlobalSection(ProjectConfigurationPlatforms) = postSolution
		{F56B0E5E-7251-4466-B80F-17F7E2498212}.Debug|Any CPU.ActiveCfg = Debug|Any CPU
		{F56B0E5E-7251-4466-B80F-17F7E2498212}.Debug|Any CPU.Build.0 = Debug|Any CPU
		{F56B0E5E-7251-4466-B80F-17F7E2498212}.Release|Any CPU.ActiveCfg = Release|Any CPU
		{F56B0E5E-7251-4466-B80F-17F7E2498212}.Release|Any CPU.Build.0 = Release|Any CPU
	EndGlobalSection
	GlobalSection(SolutionProperties) = preSolution
		HideSolutionNode = FALSE
	EndGlobalSection
	GlobalSection(ExtensibilityGlobals) = postSolution
		SolutionGuid = {53B6CBDE-50E2-47C3-B8DE-C3BC196D01B5}
	EndGlobalSection
EndGlobal
